// !$*UTF8*$!
{
	archiveVersion = 1;
	classes = {
	};
	objectVersion = 46;
	objects = {

/* Begin PBXBuildFile section */
		2E7F262D1BDB5A9B003BC139 /* main.m in Sources */ = {isa = PBXBuildFile; fileRef = 2E7F262C1BDB5A9B003BC139 /* main.m */; };
		2E7F26301BDB5A9B003BC139 /* AppDelegate.m in Sources */ = {isa = PBXBuildFile; fileRef = 2E7F262F1BDB5A9B003BC139 /* AppDelegate.m */; };
		2E7F26391BDB5A9B003BC139 /* BagTired.xcdatamodeld in Sources */ = {isa = PBXBuildFile; fileRef = 2E7F26371BDB5A9B003BC139 /* BagTired.xcdatamodeld */; };
		2E7F263B1BDB5A9B003BC139 /* Assets.xcassets in Resources */ = {isa = PBXBuildFile; fileRef = 2E7F263A1BDB5A9B003BC139 /* Assets.xcassets */; };
		2E7F263E1BDB5A9B003BC139 /* LaunchScreen.storyboard in Resources */ = {isa = PBXBuildFile; fileRef = 2E7F263C1BDB5A9B003BC139 /* LaunchScreen.storyboard */; };
/* End PBXBuildFile section */

/* Begin PBXFileReference section */
		2E7F26281BDB5A9B003BC139 /* BagTired.app */ = {isa = PBXFileReference; explicitFileType = wrapper.application; includeInIndex = 0; path = BagTired.app; sourceTree = BUILT_PRODUCTS_DIR; };
		2E7F262C1BDB5A9B003BC139 /* main.m */ = {isa = PBXFileReference; lastKnownFileType = sourcecode.c.objc; path = main.m; sourceTree = "<group>"; };
		2E7F262E1BDB5A9B003BC139 /* AppDelegate.h */ = {isa = PBXFileReference; lastKnownFileType = sourcecode.c.h; path = AppDelegate.h; sourceTree = "<group>"; };
		2E7F262F1BDB5A9B003BC139 /* AppDelegate.m */ = {isa = PBXFileReference; lastKnownFileType = sourcecode.c.objc; path = AppDelegate.m; sourceTree = "<group>"; };
		2E7F26381BDB5A9B003BC139 /* BagTired.xcdatamodel */ = {isa = PBXFileReference; lastKnownFileType = wrapper.xcdatamodel; path = BagTired.xcdatamodel; sourceTree = "<group>"; };
		2E7F263A1BDB5A9B003BC139 /* Assets.xcassets */ = {isa = PBXFileReference; lastKnownFileType = folder.assetcatalog; path = Assets.xcassets; sourceTree = "<group>"; };
		2E7F263D1BDB5A9B003BC139 /* Base */ = {isa = PBXFileReference; lastKnownFileType = file.storyboard; name = Base; path = Base.lproj/LaunchScreen.storyboard; sourceTree = "<group>"; };
		2E7F263F1BDB5A9B003BC139 /* Info.plist */ = {isa = PBXFileReference; lastKnownFileType = text.plist.xml; path = Info.plist; sourceTree = "<group>"; };
/* End PBXFileReference section */

/* Begin PBXFrameworksBuildPhase section */
		2E7F26251BDB5A9B003BC139 /* Frameworks */ = {
			isa = PBXFrameworksBuildPhase;
			buildActionMask = 2147483647;
			files = (
			);
			runOnlyForDeploymentPostprocessing = 0;
		};
/* End PBXFrameworksBuildPhase section */

/* Begin PBXGroup section */
		2E7F261F1BDB5A9B003BC139 = {
			isa = PBXGroup;
			children = (
				2E7F262A1BDB5A9B003BC139 /* BagTired */,
				2E7F26291BDB5A9B003BC139 /* Products */,
			);
			sourceTree = "<group>";
		};
		2E7F26291BDB5A9B003BC139 /* Products */ = {
			isa = PBXGroup;
			children = (
				2E7F26281BDB5A9B003BC139 /* BagTired.app */,
			);
			name = Products;
			sourceTree = "<group>";
		};
		2E7F262A1BDB5A9B003BC139 /* BagTired */ = {
			isa = PBXGroup;
			children = (
				2E7F262E1BDB5A9B003BC139 /* AppDelegate.h */,
				2E7F262F1BDB5A9B003BC139 /* AppDelegate.m */,
				2E7F263A1BDB5A9B003BC139 /* Assets.xcassets */,
				2E7F263C1BDB5A9B003BC139 /* LaunchScreen.storyboard */,
				2E7F263F1BDB5A9B003BC139 /* Info.plist */,
				2E7F26371BDB5A9B003BC139 /* BagTired.xcdatamodeld */,
				2E7F262B1BDB5A9B003BC139 /* Supporting Files */,
			);
			path = BagTired;
			sourceTree = "<group>";
		};
		2E7F262B1BDB5A9B003BC139 /* Supporting Files */ = {
			isa = PBXGroup;
			children = (
				2E7F262C1BDB5A9B003BC139 /* main.m */,
			);
			name = "Supporting Files";
			sourceTree = "<group>";
		};
/* End PBXGroup section */

/* Begin PBXNativeTarget section */
		2E7F26271BDB5A9B003BC139 /* BagTired */ = {
			isa = PBXNativeTarget;
			buildConfigurationList = 2E7F26421BDB5A9B003BC139 /* Build configuration list for PBXNativeTarget "BagTired" */;
			buildPhases = (
				2E7F26241BDB5A9B003BC139 /* Sources */,
				2E7F26251BDB5A9B003BC139 /* Frameworks */,
				2E7F26261BDB5A9B003BC139 /* Resources */,
			);
			buildRules = (
			);
			dependencies = (
			);
			name = BagTired;
			productName = BagTired;
			productReference = 2E7F26281BDB5A9B003BC139 /* BagTired.app */;
			productType = "com.apple.product-type.application";
		};
/* End PBXNativeTarget section */

/* Begin PBXProject section */
		2E7F26201BDB5A9B003BC139 /* Project object */ = {
			isa = PBXProject;
			attributes = {
				LastUpgradeCheck = 0700;
				ORGANIZATIONNAME = guoshencheng;
				TargetAttributes = {
					2E7F26271BDB5A9B003BC139 = {
						CreatedOnToolsVersion = 7.0;
					};
				};
			};
			buildConfigurationList = 2E7F26231BDB5A9B003BC139 /* Build configuration list for PBXProject "BagTired" */;
			compatibilityVersion = "Xcode 3.2";
			developmentRegion = English;
			hasScannedForEncodings = 0;
			knownRegions = (
				en,
				Base,
			);
			mainGroup = 2E7F261F1BDB5A9B003BC139;
			productRefGroup = 2E7F26291BDB5A9B003BC139 /* Products */;
			projectDirPath = "";
			projectRoot = "";
			targets = (
				2E7F26271BDB5A9B003BC139 /* BagTired */,
			);
		};
/* End PBXProject section */

/* Begin PBXResourcesBuildPhase section */
		2E7F26261BDB5A9B003BC139 /* Resources */ = {
			isa = PBXResourcesBuildPhase;
			buildActionMask = 2147483647;
			files = (
				2E7F263E1BDB5A9B003BC139 /* LaunchScreen.storyboard in Resources */,
				2E7F263B1BDB5A9B003BC139 /* Assets.xcassets in Resources */,
			);
			runOnlyForDeploymentPostprocessing = 0;
		};
/* End PBXResourcesBuildPhase section */

/* Begin PBXSourcesBuildPhase section */
		2E7F26241BDB5A9B003BC139 /* Sources */ = {
			isa = PBXSourcesBuildPhase;
			buildActionMask = 2147483647;
			files = (
				2E7F26301BDB5A9B003BC139 /* AppDelegate.m in Sources */,
				2E7F262D1BDB5A9B003BC139 /* main.m in Sources */,
				2E7F26391BDB5A9B003BC139 /* BagTired.xcdatamodeld in Sources */,
			);
			runOnlyForDeploymentPostprocessing = 0;
		};
/* End PBXSourcesBuildPhase section */

/* Begin PBXVariantGroup section */
		2E7F263C1BDB5A9B003BC139 /* LaunchScreen.storyboard */ = {
			isa = PBXVariantGroup;
			children = (
				2E7F263D1BDB5A9B003BC139 /* Base */,
			);
			name = LaunchScreen.storyboard;
			sourceTree = "<group>";
		};
/* End PBXVariantGroup section */

/* Begin XCBuildConfiguration section */
		2E7F26401BDB5A9B003BC139 /* Debug */ = {
			isa = XCBuildConfiguration;
			buildSettings = {
				ALWAYS_SEARCH_USER_PATHS = NO;
				CLANG_CXX_LANGUAGE_STANDARD = "gnu++0x";
				CLANG_CXX_LIBRARY = "libc++";
				CLANG_ENABLE_MODULES = YES;
				CLANG_ENABLE_OBJC_ARC = YES;
				CLANG_WARN_BOOL_CONVERSION = YES;
				CLANG_WARN_CONSTANT_CONVERSION = YES;
				CLANG_WARN_DIRECT_OBJC_ISA_USAGE = YES_ERROR;
				CLANG_WARN_EMPTY_BODY = YES;
				CLANG_WARN_ENUM_CONVERSION = YES;
				CLANG_WARN_INT_CONVERSION = YES;
				CLANG_WARN_OBJC_ROOT_CLASS = YES_ERROR;
				CLANG_WARN_UNREACHABLE_CODE = YES;
				CLANG_WARN__DUPLICATE_METHOD_MATCH = YES;
				"CODE_SIGN_IDENTITY[sdk=iphoneos*]" = "iPhone Developer";
				COPY_PHASE_STRIP = NO;
				DEBUG_INFORMATION_FORMAT = dwarf;
				ENABLE_STRICT_OBJC_MSGSEND = YES;
				ENABLE_TESTABILITY = YES;
				GCC_C_LANGUAGE_STANDARD = gnu99;
				GCC_DYNAMIC_NO_PIC = NO;
				GCC_NO_COMMON_BLOCKS = YES;
				GCC_OPTIMIZATION_LEVEL = 0;
				GCC_PREPROCESSOR_DEFINITIONS = (
					"DEBUG=1",
					"$(inherited)",
				);
				GCC_WARN_64_TO_32_BIT_CONVERSION = YES;
				GCC_WARN_ABOUT_RETURN_TYPE = YES_ERROR;
				GCC_WARN_UNDECLARED_SELECTOR = YES;
				GCC_WARN_UNINITIALIZED_AUTOS = YES_AGGRESSIVE;
				GCC_WARN_UNUSED_FUNCTION = YES;
				GCC_WARN_UNUSED_VARIABLE = YES;
				IPHONEOS_DEPLOYMENT_TARGET = 9.0;
				MTL_ENABLE_DEBUG_INFO = YES;
				ONLY_ACTIVE_ARCH = YES;
				SDKROOT = iphoneos;
			};
			name = Debug;
		};
		2E7F26411BDB5A9B003BC139 /* Release */ = {
			isa = XCBuildConfiguration;
			buildSettings = {
				ALWAYS_SEARCH_USER_PATHS = NO;
				CLANG_CXX_LANGUAGE_STANDARD = "gnu++0x";
				CLANG_CXX_LIBRARY = "libc++";
				CLANG_ENABLE_MODULES = YES;
				CLANG_ENABLE_OBJC_ARC = YES;
				CLANG_WARN_BOOL_CONVERSION = YES;
				CLANG_WARN_CONSTANT_CONVERSION = YES;
				CLANG_WARN_DIRECT_OBJC_ISA_USAGE = YES_ERROR;
				CLANG_WARN_EMPTY_BODY = YES;
				CLANG_WARN_ENUM_CONVERSION = YES;
				CLANG_WARN_INT_CONVERSION = YES;
				CLANG_WARN_OBJC_ROOT_CLASS = YES_ERROR;
				CLANG_WARN_UNREACHABLE_CODE = YES;
				CLANG_WARN__DUPLICATE_METHOD_MATCH = YES;
				"CODE_SIGN_IDENTITY[sdk=iphoneos*]" = "iPhone Developer";
				COPY_PHASE_STRIP = NO;
				DEBUG_INFORMATION_FORMAT = "dwarf-with-dsym";
				ENABLE_NS_ASSERTIONS = NO;
				ENABLE_STRICT_OBJC_MSGSEND = YES;
				GCC_C_LANGUAGE_STANDARD = gnu99;
				GCC_NO_COMMON_BLOCKS = YES;
				GCC_WARN_64_TO_32_BIT_CONVERSION = YES;
				GCC_WARN_ABOUT_RETURN_TYPE = YES_ERROR;
				GCC_WARN_UNDECLARED_SELECTOR = YES;
				GCC_WARN_UNINITIALIZED_AUTOS = YES_AGGRESSIVE;
				GCC_WARN_UNUSED_FUNCTION = YES;
				GCC_WARN_UNUSED_VARIABLE = YES;
				IPHONEOS_DEPLOYMENT_TARGET = 9.0;
				MTL_ENABLE_DEBUG_INFO = NO;
				SDKROOT = iphoneos;
				VALIDATE_PRODUCT = YES;
			};
			name = Release;
		};
		2E7F26431BDB5A9B003BC139 /* Debug */ = {
			isa = XCBuildConfiguration;
			buildSettings = {
				ASSETCATALOG_COMPILER_APPICON_NAME = AppIcon;
				INFOPLIST_FILE = BagTired/Info.plist;
				LD_RUNPATH_SEARCH_PATHS = "$(inherited) @executable_path/Frameworks";
				PRODUCT_BUNDLE_IDENTIFIER = guoshencheng.BagTired;
				PRODUCT_NAME = "$(TARGET_NAME)";
			};
			name = Debug;
		};
		2E7F26441BDB5A9B003BC139 /* Release */ = {
			isa = XCBuildConfiguration;
			buildSettings = {
				ASSETCATALOG_COMPILER_APPICON_NAME = AppIcon;
				INFOPLIST_FILE = BagTired/Info.plist;
				LD_RUNPATH_SEARCH_PATHS = "$(inherited) @executable_path/Frameworks";
				PRODUCT_BUNDLE_IDENTIFIER = guoshencheng.BagTired;
				PRODUCT_NAME = "$(TARGET_NAME)";
			};
			name = Release;
		};
/* End XCBuildConfiguration section */

/* Begin XCConfigurationList section */
		2E7F26231BDB5A9B003BC139 /* Build configuration list for PBXProject "BagTired" */ = {
			isa = XCConfigurationList;
			buildConfigurations = (
				2E7F26401BDB5A9B003BC139 /* Debug */,
				2E7F26411BDB5A9B003BC139 /* Release */,
			);
			defaultConfigurationIsVisible = 0;
			defaultConfigurationName = Release;
		};
		2E7F26421BDB5A9B003BC139 /* Build configuration list for PBXNativeTarget "BagTired" */ = {
			isa = XCConfigurationList;
			buildConfigurations = (
				2E7F26431BDB5A9B003BC139 /* Debug */,
				2E7F26441BDB5A9B003BC139 /* Release */,
			);
			defaultConfigurationIsVisible = 0;
		};
/* End XCConfigurationList section */

/* Begin XCVersionGroup section */
		2E7F26371BDB5A9B003BC139 /* BagTired.xcdatamodeld */ = {
			isa = XCVersionGroup;
			children = (
				2E7F26381BDB5A9B003BC139 /* BagTired.xcdatamodel */,
			);
			currentVersion = 2E7F26381BDB5A9B003BC139 /* BagTired.xcdatamodel */;
			path = BagTired.xcdatamodeld;
			sourceTree = "<group>";
			versionGroupType = wrapper.xcdatamodel;
		};
/* End XCVersionGroup section */
	};
	rootObject = 2E7F26201BDB5A9B003BC139 /* Project object */;
}
